
Microsoft Visual Studio Solution File, Format Version 12.00
# Visual Studio Version 16
VisualStudioVersion = 16.0.31019.35
MinimumVisualStudioVersion = 10.0.40219.1
Project("{FAE04EC0-301F-11D3-BF4B-00C04F79EFBC}") = "hwk10", "hwk10\hwk10.csproj", "{1F808AA3-88E4-4000-A12D-4B502155A034}"
EndProject
Global
	GlobalSection(SolutionConfigurationPlatforms) = preSolution
		Debug|Any CPU = Debug|Any CPU
		Release|Any CPU = Release|Any CPU
	EndGlobalSection
	GlobalSection(ProjectConfigurationPlatforms) = postSolution
		{1F808AA3-88E4-4000-A12D-4B502155A034}.Debug|Any CPU.ActiveCfg = Debug|Any CPU
		{1F808AA3-88E4-4000-A12D-4B502155A034}.Debug|Any CPU.Build.0 = Debug|Any CPU
		{1F808AA3-88E4-4000-A12D-4B502155A034}.Release|Any CPU.ActiveCfg = Release|Any CPU
		{1F808AA3-88E4-4000-A12D-4B502155A034}.Release|Any CPU.Build.0 = Release|Any CPU
	EndGlobalSection
	GlobalSection(SolutionProperties) = preSolution
		HideSolutionNode = FALSE
	EndGlobalSection
	GlobalSection(ExtensibilityGlobals) = postSolution
		SolutionGuid = {AF2657EF-F3E4-4B69-A596-692052B26A35}
	EndGlobalSection
EndGlobal
