
Microsoft Visual Studio Solution File, Format Version 12.00
# Visual Studio Version 16
VisualStudioVersion = 16.0.31019.35
MinimumVisualStudioVersion = 10.0.40219.1
Project("{FAE04EC0-301F-11D3-BF4B-00C04F79EFBC}") = "4_1", "4_1\4_1.csproj", "{C7E9DA0B-5619-4ABA-9BB5-4FCD00BEA4B7}"
EndProject
Project("{FAE04EC0-301F-11D3-BF4B-00C04F79EFBC}") = "4_2", "4_2\4_2.csproj", "{66AB7809-D11C-4D10-818F-7DBF980C3F53}"
EndProject
Global
	GlobalSection(SolutionConfigurationPlatforms) = preSolution
		Debug|Any CPU = Debug|Any CPU
		Release|Any CPU = Release|Any CPU
	EndGlobalSection
	GlobalSection(ProjectConfigurationPlatforms) = postSolution
		{C7E9DA0B-5619-4ABA-9BB5-4FCD00BEA4B7}.Debug|Any CPU.ActiveCfg = Debug|Any CPU
		{C7E9DA0B-5619-4ABA-9BB5-4FCD00BEA4B7}.Debug|Any CPU.Build.0 = Debug|Any CPU
		{C7E9DA0B-5619-4ABA-9BB5-4FCD00BEA4B7}.Release|Any CPU.ActiveCfg = Release|Any CPU
		{C7E9DA0B-5619-4ABA-9BB5-4FCD00BEA4B7}.Release|Any CPU.Build.0 = Release|Any CPU
		{66AB7809-D11C-4D10-818F-7DBF980C3F53}.Debug|Any CPU.ActiveCfg = Debug|Any CPU
		{66AB7809-D11C-4D10-818F-7DBF980C3F53}.Debug|Any CPU.Build.0 = Debug|Any CPU
		{66AB7809-D11C-4D10-818F-7DBF980C3F53}.Release|Any CPU.ActiveCfg = Release|Any CPU
		{66AB7809-D11C-4D10-818F-7DBF980C3F53}.Release|Any CPU.Build.0 = Release|Any CPU
	EndGlobalSection
	GlobalSection(SolutionProperties) = preSolution
		HideSolutionNode = FALSE
	EndGlobalSection
	GlobalSection(ExtensibilityGlobals) = postSolution
		SolutionGuid = {2C67D3D3-F076-4432-B0BE-B7BC84F0DE84}
	EndGlobalSection
EndGlobal
