
Microsoft Visual Studio Solution File, Format Version 12.00
# Visual Studio Version 16
VisualStudioVersion = 16.0.31019.35
MinimumVisualStudioVersion = 10.0.40219.1
Project("{FAE04EC0-301F-11D3-BF4B-00C04F79EFBC}") = "ConsoleCalculator", "ConsoleCalculator\ConsoleCalculator.csproj", "{DFF8D454-7EDD-4377-A6EE-C19EB60CB8EE}"
EndProject
Project("{FAE04EC0-301F-11D3-BF4B-00C04F79EFBC}") = "WindowsCalculator", "WindowsCalculator\WindowsCalculator.csproj", "{00620CA1-770F-45FF-884D-CB30DC7CE94A}"
EndProject
Global
	GlobalSection(SolutionConfigurationPlatforms) = preSolution
		Debug|Any CPU = Debug|Any CPU
		Release|Any CPU = Release|Any CPU
	EndGlobalSection
	GlobalSection(ProjectConfigurationPlatforms) = postSolution
		{DFF8D454-7EDD-4377-A6EE-C19EB60CB8EE}.Debug|Any CPU.ActiveCfg = Debug|Any CPU
		{DFF8D454-7EDD-4377-A6EE-C19EB60CB8EE}.Debug|Any CPU.Build.0 = Debug|Any CPU
		{DFF8D454-7EDD-4377-A6EE-C19EB60CB8EE}.Release|Any CPU.ActiveCfg = Release|Any CPU
		{DFF8D454-7EDD-4377-A6EE-C19EB60CB8EE}.Release|Any CPU.Build.0 = Release|Any CPU
		{00620CA1-770F-45FF-884D-CB30DC7CE94A}.Debug|Any CPU.ActiveCfg = Debug|Any CPU
		{00620CA1-770F-45FF-884D-CB30DC7CE94A}.Debug|Any CPU.Build.0 = Debug|Any CPU
		{00620CA1-770F-45FF-884D-CB30DC7CE94A}.Release|Any CPU.ActiveCfg = Release|Any CPU
		{00620CA1-770F-45FF-884D-CB30DC7CE94A}.Release|Any CPU.Build.0 = Release|Any CPU
	EndGlobalSection
	GlobalSection(SolutionProperties) = preSolution
		HideSolutionNode = FALSE
	EndGlobalSection
	GlobalSection(ExtensibilityGlobals) = postSolution
		SolutionGuid = {52CBA386-4259-4AC3-9794-457BA76DB2C1}
	EndGlobalSection
EndGlobal
